
Microsoft Visual Studio Solution File, Format Version 12.00
# Visual Studio Version 16
VisualStudioVersion = 16.0.34301.259
MinimumVisualStudioVersion = 10.0.40219.1
Project("{FAE04EC0-301F-11D3-BF4B-00C04F79EFBC}") = "Auto_RCDM_Report", "Auto_RCDM_Report\Auto_RCDM_Report.csproj", "{CEC2ECF6-E03B-4EDD-903A-450D4C424A50}"
EndProject
Global
	GlobalSection(SolutionConfigurationPlatforms) = preSolution
		Debug|Any CPU = Debug|Any CPU
		Release|Any CPU = Release|Any CPU
	EndGlobalSection
	GlobalSection(ProjectConfigurationPlatforms) = postSolution
		{CEC2ECF6-E03B-4EDD-903A-450D4C424A50}.Debug|Any CPU.ActiveCfg = Debug|Any CPU
		{CEC2ECF6-E03B-4EDD-903A-450D4C424A50}.Debug|Any CPU.Build.0 = Debug|Any CPU
		{CEC2ECF6-E03B-4EDD-903A-450D4C424A50}.Release|Any CPU.ActiveCfg = Release|Any CPU
		{CEC2ECF6-E03B-4EDD-903A-450D4C424A50}.Release|Any CPU.Build.0 = Release|Any CPU
	EndGlobalSection
	GlobalSection(SolutionProperties) = preSolution
		HideSolutionNode = FALSE
	EndGlobalSection
	GlobalSection(ExtensibilityGlobals) = postSolution
		SolutionGuid = {02AACDA7-940C-49E0-A13A-275DF6090F3A}
	EndGlobalSection
EndGlobal
